// !$*UTF8*$!
{
	archiveVersion = 1;
	classes = {
	};
	objectVersion = 50;
	objects = {

/* Begin PBXBuildFile section */
		47E62BB221607DCF00032B61 /* AppDelegate.swift in Sources */ = {isa = PBXBuildFile; fileRef = 47E62BB121607DCF00032B61 /* AppDelegate.swift */; };
		47E62BB421607DCF00032B61 /* TodayViewController.swift in Sources */ = {isa = PBXBuildFile; fileRef = 47E62BB321607DCF00032B61 /* TodayViewController.swift */; };
		47E62BB621607DCF00032B61 /* ReminderViewController.swift in Sources */ = {isa = PBXBuildFile; fileRef = 47E62BB521607DCF00032B61 /* ReminderViewController.swift */; };
		47E62BB921607DCF00032B61 /* Main.storyboard in Resources */ = {isa = PBXBuildFile; fileRef = 47E62BB721607DCF00032B61 /* Main.storyboard */; };
		47E62BBB21607DD100032B61 /* Assets.xcassets in Resources */ = {isa = PBXBuildFile; fileRef = 47E62BBA21607DD100032B61 /* Assets.xcassets */; };
		47E62BBE21607DD100032B61 /* LaunchScreen.storyboard in Resources */ = {isa = PBXBuildFile; fileRef = 47E62BBC21607DD100032B61 /* LaunchScreen.storyboard */; };
		47E62BC6216085B600032B61 /* FullScreenAlertViewController.swift in Sources */ = {isa = PBXBuildFile; fileRef = 47E62BC5216085B600032B61 /* FullScreenAlertViewController.swift */; };
		47E62BC82160A1A000032B61 /* AddTableViewController.swift in Sources */ = {isa = PBXBuildFile; fileRef = 47E62BC72160A1A000032B61 /* AddTableViewController.swift */; };
		47E62BCA2160A5D400032B61 /* EditorViewController.swift in Sources */ = {isa = PBXBuildFile; fileRef = 47E62BC92160A5D400032B61 /* EditorViewController.swift */; };
		47E62BCC2160D28400032B61 /* TimeChoseViewController.swift in Sources */ = {isa = PBXBuildFile; fileRef = 47E62BCB2160D28400032B61 /* TimeChoseViewController.swift */; };
/* End PBXBuildFile section */

/* Begin PBXFileReference section */
		47E62BAE21607DCF00032B61 /* Reminder.app */ = {isa = PBXFileReference; explicitFileType = wrapper.application; includeInIndex = 0; path = Reminder.app; sourceTree = BUILT_PRODUCTS_DIR; };
		47E62BB121607DCF00032B61 /* AppDelegate.swift */ = {isa = PBXFileReference; lastKnownFileType = sourcecode.swift; path = AppDelegate.swift; sourceTree = "<group>"; };
		47E62BB321607DCF00032B61 /* TodayViewController.swift */ = {isa = PBXFileReference; lastKnownFileType = sourcecode.swift; path = TodayViewController.swift; sourceTree = "<group>"; };
		47E62BB521607DCF00032B61 /* ReminderViewController.swift */ = {isa = PBXFileReference; lastKnownFileType = sourcecode.swift; path = ReminderViewController.swift; sourceTree = "<group>"; };
		47E62BB821607DCF00032B61 /* Base */ = {isa = PBXFileReference; lastKnownFileType = file.storyboard; name = Base; path = Base.lproj/Main.storyboard; sourceTree = "<group>"; };
		47E62BBA21607DD100032B61 /* Assets.xcassets */ = {isa = PBXFileReference; lastKnownFileType = folder.assetcatalog; path = Assets.xcassets; sourceTree = "<group>"; };
		47E62BBD21607DD100032B61 /* Base */ = {isa = PBXFileReference; lastKnownFileType = file.storyboard; name = Base; path = Base.lproj/LaunchScreen.storyboard; sourceTree = "<group>"; };
		47E62BBF21607DD100032B61 /* Info.plist */ = {isa = PBXFileReference; lastKnownFileType = text.plist.xml; path = Info.plist; sourceTree = "<group>"; };
		47E62BC5216085B600032B61 /* FullScreenAlertViewController.swift */ = {isa = PBXFileReference; lastKnownFileType = sourcecode.swift; path = FullScreenAlertViewController.swift; sourceTree = "<group>"; };
		47E62BC72160A1A000032B61 /* AddTableViewController.swift */ = {isa = PBXFileReference; lastKnownFileType = sourcecode.swift; path = AddTableViewController.swift; sourceTree = "<group>"; };
		47E62BC92160A5D400032B61 /* EditorViewController.swift */ = {isa = PBXFileReference; lastKnownFileType = sourcecode.swift; path = EditorViewController.swift; sourceTree = "<group>"; };
		47E62BCB2160D28400032B61 /* TimeChoseViewController.swift */ = {isa = PBXFileReference; lastKnownFileType = sourcecode.swift; path = TimeChoseViewController.swift; sourceTree = "<group>"; };
/* End PBXFileReference section */

/* Begin PBXFrameworksBuildPhase section */
		47E62BAB21607DCF00032B61 /* Frameworks */ = {
			isa = PBXFrameworksBuildPhase;
			buildActionMask = 2147483647;
			files = (
			);
			runOnlyForDeploymentPostprocessing = 0;
		};
/* End PBXFrameworksBuildPhase section */

/* Begin PBXGroup section */
		47E62BA521607DCF00032B61 = {
			isa = PBXGroup;
			children = (
				47E62BB021607DCF00032B61 /* Reminder */,
				47E62BAF21607DCF00032B61 /* Products */,
			);
			sourceTree = "<group>";
		};
		47E62BAF21607DCF00032B61 /* Products */ = {
			isa = PBXGroup;
			children = (
				47E62BAE21607DCF00032B61 /* Reminder.app */,
			);
			name = Products;
			sourceTree = "<group>";
		};
		47E62BB021607DCF00032B61 /* Reminder */ = {
			isa = PBXGroup;
			children = (
				47E62BB121607DCF00032B61 /* AppDelegate.swift */,
				47E62BB321607DCF00032B61 /* TodayViewController.swift */,
				47E62BB521607DCF00032B61 /* ReminderViewController.swift */,
				47E62BC5216085B600032B61 /* FullScreenAlertViewController.swift */,
				47E62BC72160A1A000032B61 /* AddTableViewController.swift */,
				47E62BC92160A5D400032B61 /* EditorViewController.swift */,
				47E62BCB2160D28400032B61 /* TimeChoseViewController.swift */,
				47E62BB721607DCF00032B61 /* Main.storyboard */,
				47E62BBA21607DD100032B61 /* Assets.xcassets */,
				47E62BBC21607DD100032B61 /* LaunchScreen.storyboard */,
				47E62BBF21607DD100032B61 /* Info.plist */,
			);
			path = Reminder;
			sourceTree = "<group>";
		};
/* End PBXGroup section */

/* Begin PBXNativeTarget section */
		47E62BAD21607DCF00032B61 /* Reminder */ = {
			isa = PBXNativeTarget;
			buildConfigurationList = 47E62BC221607DD100032B61 /* Build configuration list for PBXNativeTarget "Reminder" */;
			buildPhases = (
				47E62BAA21607DCF00032B61 /* Sources */,
				47E62BAB21607DCF00032B61 /* Frameworks */,
				47E62BAC21607DCF00032B61 /* Resources */,
			);
			buildRules = (
			);
			dependencies = (
			);
			name = Reminder;
			productName = Reminder;
			productReference = 47E62BAE21607DCF00032B61 /* Reminder.app */;
			productType = "com.apple.product-type.application";
		};
/* End PBXNativeTarget section */

/* Begin PBXProject section */
		47E62BA621607DCF00032B61 /* Project object */ = {
			isa = PBXProject;
			attributes = {
				LastSwiftUpdateCheck = 1000;
				LastUpgradeCheck = 1000;
				ORGANIZATIONNAME = "薛永伟";
				TargetAttributes = {
					47E62BAD21607DCF00032B61 = {
						CreatedOnToolsVersion = 10.0;
					};
				};
			};
			buildConfigurationList = 47E62BA921607DCF00032B61 /* Build configuration list for PBXProject "Reminder" */;
			compatibilityVersion = "Xcode 9.3";
			developmentRegion = en;
			hasScannedForEncodings = 0;
			knownRegions = (
				en,
				Base,
			);
			mainGroup = 47E62BA521607DCF00032B61;
			productRefGroup = 47E62BAF21607DCF00032B61 /* Products */;
			projectDirPath = "";
			projectRoot = "";
			targets = (
				47E62BAD21607DCF00032B61 /* Reminder */,
			);
		};
/* End PBXProject section */

/* Begin PBXResourcesBuildPhase section */
		47E62BAC21607DCF00032B61 /* Resources */ = {
			isa = PBXResourcesBuildPhase;
			buildActionMask = 2147483647;
			files = (
				47E62BBE21607DD100032B61 /* LaunchScreen.storyboard in Resources */,
				47E62BBB21607DD100032B61 /* Assets.xcassets in Resources */,
				47E62BB921607DCF00032B61 /* Main.storyboard in Resources */,
			);
			runOnlyForDeploymentPostprocessing = 0;
		};
/* End PBXResourcesBuildPhase section */

/* Begin PBXSourcesBuildPhase section */
		47E62BAA21607DCF00032B61 /* Sources */ = {
			isa = PBXSourcesBuildPhase;
			buildActionMask = 2147483647;
			files = (
				47E62BC6216085B600032B61 /* FullScreenAlertViewController.swift in Sources */,
				47E62BCA2160A5D400032B61 /* EditorViewController.swift in Sources */,
				47E62BB621607DCF00032B61 /* ReminderViewController.swift in Sources */,
				47E62BB221607DCF00032B61 /* AppDelegate.swift in Sources */,
				47E62BB421607DCF00032B61 /* TodayViewController.swift in Sources */,
				47E62BCC2160D28400032B61 /* TimeChoseViewController.swift in Sources */,
				47E62BC82160A1A000032B61 /* AddTableViewController.swift in Sources */,
			);
			runOnlyForDeploymentPostprocessing = 0;
		};
/* End PBXSourcesBuildPhase section */

/* Begin PBXVariantGroup section */
		47E62BB721607DCF00032B61 /* Main.storyboard */ = {
			isa = PBXVariantGroup;
			children = (
				47E62BB821607DCF00032B61 /* Base */,
			);
			name = Main.storyboard;
			sourceTree = "<group>";
		};
		47E62BBC21607DD100032B61 /* LaunchScreen.storyboard */ = {
			isa = PBXVariantGroup;
			children = (
				47E62BBD21607DD100032B61 /* Base */,
			);
			name = LaunchScreen.storyboard;
			sourceTree = "<group>";
		};
/* End PBXVariantGroup section */

/* Begin XCBuildConfiguration section */
		47E62BC021607DD100032B61 /* Debug */ = {
			isa = XCBuildConfiguration;
			buildSettings = {
				ALWAYS_SEARCH_USER_PATHS = NO;
				CLANG_ANALYZER_NONNULL = YES;
				CLANG_ANALYZER_NUMBER_OBJECT_CONVERSION = YES_AGGRESSIVE;
				CLANG_CXX_LANGUAGE_STANDARD = "gnu++14";
				CLANG_CXX_LIBRARY = "libc++";
				CLANG_ENABLE_MODULES = YES;
				CLANG_ENABLE_OBJC_ARC = YES;
				CLANG_ENABLE_OBJC_WEAK = YES;
				CLANG_WARN_BLOCK_CAPTURE_AUTORELEASING = YES;
				CLANG_WARN_BOOL_CONVERSION = YES;
				CLANG_WARN_COMMA = YES;
				CLANG_WARN_CONSTANT_CONVERSION = YES;
				CLANG_WARN_DEPRECATED_OBJC_IMPLEMENTATIONS = YES;
				CLANG_WARN_DIRECT_OBJC_ISA_USAGE = YES_ERROR;
				CLANG_WARN_DOCUMENTATION_COMMENTS = YES;
				CLANG_WARN_EMPTY_BODY = YES;
				CLANG_WARN_ENUM_CONVERSION = YES;
				CLANG_WARN_INFINITE_RECURSION = YES;
				CLANG_WARN_INT_CONVERSION = YES;
				CLANG_WARN_NON_LITERAL_NULL_CONVERSION = YES;
				CLANG_WARN_OBJC_IMPLICIT_RETAIN_SELF = YES;
				CLANG_WARN_OBJC_LITERAL_CONVERSION = YES;
				CLANG_WARN_OBJC_ROOT_CLASS = YES_ERROR;
				CLANG_WARN_RANGE_LOOP_ANALYSIS = YES;
				CLANG_WARN_STRICT_PROTOTYPES = YES;
				CLANG_WARN_SUSPICIOUS_MOVE = YES;
				CLANG_WARN_UNGUARDED_AVAILABILITY = YES_AGGRESSIVE;
				CLANG_WARN_UNREACHABLE_CODE = YES;
				CLANG_WARN__DUPLICATE_METHOD_MATCH = YES;
				CODE_SIGN_IDENTITY = "iPhone Developer";
				COPY_PHASE_STRIP = NO;
				DEBUG_INFORMATION_FORMAT = dwarf;
				ENABLE_STRICT_OBJC_MSGSEND = YES;
				ENABLE_TESTABILITY = YES;
				GCC_C_LANGUAGE_STANDARD = gnu11;
				GCC_DYNAMIC_NO_PIC = NO;
				GCC_NO_COMMON_BLOCKS = YES;
				GCC_OPTIMIZATION_LEVEL = 0;
				GCC_PREPROCESSOR_DEFINITIONS = (
					"DEBUG=1",
					"$(inherited)",
				);
				GCC_WARN_64_TO_32_BIT_CONVERSION = YES;
				GCC_WARN_ABOUT_RETURN_TYPE = YES_ERROR;
				GCC_WARN_UNDECLARED_SELECTOR = YES;
				GCC_WARN_UNINITIALIZED_AUTOS = YES_AGGRESSIVE;
				GCC_WARN_UNUSED_FUNCTION = YES;
				GCC_WARN_UNUSED_VARIABLE = YES;
				IPHONEOS_DEPLOYMENT_TARGET = 12.0;
				MTL_ENABLE_DEBUG_INFO = INCLUDE_SOURCE;
				MTL_FAST_MATH = YES;
				ONLY_ACTIVE_ARCH = YES;
				SDKROOT = iphoneos;
				SWIFT_ACTIVE_COMPILATION_CONDITIONS = DEBUG;
				SWIFT_OPTIMIZATION_LEVEL = "-Onone";
			};
			name = Debug;
		};
		47E62BC121607DD100032B61 /* Release */ = {
			isa = XCBuildConfiguration;
			buildSettings = {
				ALWAYS_SEARCH_USER_PATHS = NO;
				CLANG_ANALYZER_NONNULL = YES;
				CLANG_ANALYZER_NUMBER_OBJECT_CONVERSION = YES_AGGRESSIVE;
				CLANG_CXX_LANGUAGE_STANDARD = "gnu++14";
				CLANG_CXX_LIBRARY = "libc++";
				CLANG_ENABLE_MODULES = YES;
				CLANG_ENABLE_OBJC_ARC = YES;
				CLANG_ENABLE_OBJC_WEAK = YES;
				CLANG_WARN_BLOCK_CAPTURE_AUTORELEASING = YES;
				CLANG_WARN_BOOL_CONVERSION = YES;
				CLANG_WARN_COMMA = YES;
				CLANG_WARN_CONSTANT_CONVERSION = YES;
				CLANG_WARN_DEPRECATED_OBJC_IMPLEMENTATIONS = YES;
				CLANG_WARN_DIRECT_OBJC_ISA_USAGE = YES_ERROR;
				CLANG_WARN_DOCUMENTATION_COMMENTS = YES;
				CLANG_WARN_EMPTY_BODY = YES;
				CLANG_WARN_ENUM_CONVERSION = YES;
				CLANG_WARN_INFINITE_RECURSION = YES;
				CLANG_WARN_INT_CONVERSION = YES;
				CLANG_WARN_NON_LITERAL_NULL_CONVERSION = YES;
				CLANG_WARN_OBJC_IMPLICIT_RETAIN_SELF = YES;
				CLANG_WARN_OBJC_LITERAL_CONVERSION = YES;
				CLANG_WARN_OBJC_ROOT_CLASS = YES_ERROR;
				CLANG_WARN_RANGE_LOOP_ANALYSIS = YES;
				CLANG_WARN_STRICT_PROTOTYPES = YES;
				CLANG_WARN_SUSPICIOUS_MOVE = YES;
				CLANG_WARN_UNGUARDED_AVAILABILITY = YES_AGGRESSIVE;
				CLANG_WARN_UNREACHABLE_CODE = YES;
				CLANG_WARN__DUPLICATE_METHOD_MATCH = YES;
				CODE_SIGN_IDENTITY = "iPhone Developer";
				COPY_PHASE_STRIP = NO;
				DEBUG_INFORMATION_FORMAT = "dwarf-with-dsym";
				ENABLE_NS_ASSERTIONS = NO;
				ENABLE_STRICT_OBJC_MSGSEND = YES;
				GCC_C_LANGUAGE_STANDARD = gnu11;
				GCC_NO_COMMON_BLOCKS = YES;
				GCC_WARN_64_TO_32_BIT_CONVERSION = YES;
				GCC_WARN_ABOUT_RETURN_TYPE = YES_ERROR;
				GCC_WARN_UNDECLARED_SELECTOR = YES;
				GCC_WARN_UNINITIALIZED_AUTOS = YES_AGGRESSIVE;
				GCC_WARN_UNUSED_FUNCTION = YES;
				GCC_WARN_UNUSED_VARIABLE = YES;
				IPHONEOS_DEPLOYMENT_TARGET = 12.0;
				MTL_ENABLE_DEBUG_INFO = NO;
				MTL_FAST_MATH = YES;
				SDKROOT = iphoneos;
				SWIFT_COMPILATION_MODE = wholemodule;
				SWIFT_OPTIMIZATION_LEVEL = "-O";
				VALIDATE_PRODUCT = YES;
			};
			name = Release;
		};
		47E62BC321607DD100032B61 /* Debug */ = {
			isa = XCBuildConfiguration;
			buildSettings = {
				ASSETCATALOG_COMPILER_APPICON_NAME = AppIcon;
				CODE_SIGN_STYLE = Automatic;
				DEVELOPMENT_TEAM = 42FQR4EVHR;
				INFOPLIST_FILE = Reminder/Info.plist;
				IPHONEOS_DEPLOYMENT_TARGET = 11.0;
				LD_RUNPATH_SEARCH_PATHS = (
					"$(inherited)",
					"@executable_path/Frameworks",
				);
				PRODUCT_BUNDLE_IDENTIFIER = Yuri.Reminder;
				PRODUCT_NAME = "$(TARGET_NAME)";
				SWIFT_VERSION = 4.2;
				TARGETED_DEVICE_FAMILY = "1,2";
			};
			name = Debug;
		};
		47E62BC421607DD100032B61 /* Release */ = {
			isa = XCBuildConfiguration;
			buildSettings = {
				ASSETCATALOG_COMPILER_APPICON_NAME = AppIcon;
				CODE_SIGN_STYLE = Automatic;
				DEVELOPMENT_TEAM = 42FQR4EVHR;
				INFOPLIST_FILE = Reminder/Info.plist;
				IPHONEOS_DEPLOYMENT_TARGET = 11.0;
				LD_RUNPATH_SEARCH_PATHS = (
					"$(inherited)",
					"@executable_path/Frameworks",
				);
				PRODUCT_BUNDLE_IDENTIFIER = Yuri.Reminder;
				PRODUCT_NAME = "$(TARGET_NAME)";
				SWIFT_VERSION = 4.2;
				TARGETED_DEVICE_FAMILY = "1,2";
			};
			name = Release;
		};
/* End XCBuildConfiguration section */

/* Begin XCConfigurationList section */
		47E62BA921607DCF00032B61 /* Build configuration list for PBXProject "Reminder" */ = {
			isa = XCConfigurationList;
			buildConfigurations = (
				47E62BC021607DD100032B61 /* Debug */,
				47E62BC121607DD100032B61 /* Release */,
			);
			defaultConfigurationIsVisible = 0;
			defaultConfigurationName = Release;
		};
		47E62BC221607DD100032B61 /* Build configuration list for PBXNativeTarget "Reminder" */ = {
			isa = XCConfigurationList;
			buildConfigurations = (
				47E62BC321607DD100032B61 /* Debug */,
				47E62BC421607DD100032B61 /* Release */,
			);
			defaultConfigurationIsVisible = 0;
			defaultConfigurationName = Release;
		};
/* End XCConfigurationList section */
	};
	rootObject = 47E62BA621607DCF00032B61 /* Project object */;
}
